
Microsoft Visual Studio Solution File, Format Version 12.00
# Visual Studio 15
VisualStudioVersion = 15.0.27130.2010
MinimumVisualStudioVersion = 10.0.40219.1
Project("{FAE04EC0-301F-11D3-BF4B-00C04F79EFBC}") = "RentApps", "RentApps\RentApps.csproj", "{D67E5983-008E-400C-B42E-B8725DBF0E9A}"
EndProject
Global
	GlobalSection(SolutionConfigurationPlatforms) = preSolution
		Debug|Any CPU = Debug|Any CPU
		Release|Any CPU = Release|Any CPU
	EndGlobalSection
	GlobalSection(ProjectConfigurationPlatforms) = postSolution
		{D67E5983-008E-400C-B42E-B8725DBF0E9A}.Debug|Any CPU.ActiveCfg = Debug|Any CPU
		{D67E5983-008E-400C-B42E-B8725DBF0E9A}.Debug|Any CPU.Build.0 = Debug|Any CPU
		{D67E5983-008E-400C-B42E-B8725DBF0E9A}.Release|Any CPU.ActiveCfg = Release|Any CPU
		{D67E5983-008E-400C-B42E-B8725DBF0E9A}.Release|Any CPU.Build.0 = Release|Any CPU
	EndGlobalSection
	GlobalSection(SolutionProperties) = preSolution
		HideSolutionNode = FALSE
	EndGlobalSection
	GlobalSection(ExtensibilityGlobals) = postSolution
		SolutionGuid = {D39E90BD-177A-4B92-8B48-A7C9F28DD9EF}
	EndGlobalSection
EndGlobal
